<?xml version="1.0" encoding="utf-8"?>
<Project ToolsVersion="4.0" xmlns="http://schemas.microsoft.com/developer/msbuild/2003">
  <ItemGroup>
    <ClInclude Include="GameEngineFile.h">
      <Filter>IO</Filter>
    </ClInclude>
    <ClInclude Include="GameEngineDirectroy.h">
      <Filter>IO</Filter>
    </ClInclude>
    <ClInclude Include="GameEnginePath.h">
      <Filter>IO</Filter>
    </ClInclude>
    <ClInclude Include="GameEngineDebug.h">
      <Filter>Debug</Filter>
    </ClInclude>
    <ClInclude Include="GameEngineFSM.h">
      <Filter>Logic</Filter>
    </ClInclude>
    <ClInclude Include="GameEngineMath.h">
      <Filter>Math</Filter>
    </ClInclude>
    <ClInclude Include="GameEngineNameBase.h">
      <Filter>Base</Filter>
    </ClInclude>
    <ClInclude Include="GameEngineObjectBase.h">
      <Filter>Base</Filter>
    </ClInclude>
    <ClInclude Include="GameEngineTime.h">
      <Filter>Value</Filter>
    </ClInclude>
    <ClInclude Include="GameEngineTimeEventer.h">
      <Filter>Value</Filter>
    </ClInclude>
    <ClInclude Include="GameEngineSoundManager.h">
      <Filter>Sound</Filter>
    </ClInclude>
    <ClInclude Include="GameEngineSoundPlayer.h">
      <Filter>Sound</Filter>
    </ClInclude>
  </ItemGroup>
  <ItemGroup>
    <ClCompile Include="GameEngineFile.cpp">
      <Filter>IO</Filter>
    </ClCompile>
    <ClCompile Include="GameEngineDirectroy.cpp">
      <Filter>IO</Filter>
    </ClCompile>
    <ClCompile Include="GameEnginePath.cpp">
      <Filter>IO</Filter>
    </ClCompile>
    <ClCompile Include="GameEngineDebug.cpp">
      <Filter>Debug</Filter>
    </ClCompile>
    <ClCompile Include="GameEngineFSM.cpp">
      <Filter>Logic</Filter>
    </ClCompile>
    <ClCompile Include="GameEngineMath.cpp">
      <Filter>Math</Filter>
    </ClCompile>
    <ClCompile Include="GameEngineNameBase.cpp">
      <Filter>Base</Filter>
    </ClCompile>
    <ClCompile Include="GameEngineObjectBase.cpp">
      <Filter>Base</Filter>
    </ClCompile>
    <ClCompile Include="GameEngineTime.cpp">
      <Filter>Value</Filter>
    </ClCompile>
    <ClCompile Include="GameEngineSoundManager.cpp">
      <Filter>Sound</Filter>
    </ClCompile>
    <ClCompile Include="GameEngineSoundPlayer.cpp">
      <Filter>Sound</Filter>
    </ClCompile>
  </ItemGroup>
  <ItemGroup>
    <Filter Include="IO">
      <UniqueIdentifier>{c1dc306c-f359-474f-b151-7b9fedc5b0ce}</UniqueIdentifier>
    </Filter>
    <Filter Include="Debug">
      <UniqueIdentifier>{6c5f7817-1bc0-4757-bdba-db478d55b8a5}</UniqueIdentifier>
    </Filter>
    <Filter Include="Logic">
      <UniqueIdentifier>{3fb8f03f-0e87-4cb3-9de8-6d0f645b5939}</UniqueIdentifier>
    </Filter>
    <Filter Include="Math">
      <UniqueIdentifier>{6f34b764-1143-4675-a4a6-3c584743d78b}</UniqueIdentifier>
    </Filter>
    <Filter Include="Value">
      <UniqueIdentifier>{7e16611f-6edc-444a-9968-4cc08e14c900}</UniqueIdentifier>
    </Filter>
    <Filter Include="Base">
      <UniqueIdentifier>{9f5a4337-43a0-4d87-a684-e29a8d08646c}</UniqueIdentifier>
    </Filter>
    <Filter Include="Sound">
      <UniqueIdentifier>{27e16328-8091-4060-b546-aa026c05b2a4}</UniqueIdentifier>
    </Filter>
  </ItemGroup>
</Project>